// !$*UTF8*$!
{
	archiveVersion = 1;
	classes = {
	};
	objectVersion = 50;
	objects = {

/* Begin PBXBuildFile section */
		93FBEF1D2199B5C700A501F7 /* AppDelegate.swift in Sources */ = {isa = PBXBuildFile; fileRef = 93FBEF1C2199B5C700A501F7 /* AppDelegate.swift */; };
		93FBEF1F2199B5C700A501F7 /* ViewController.swift in Sources */ = {isa = PBXBuildFile; fileRef = 93FBEF1E2199B5C700A501F7 /* ViewController.swift */; };
		93FBEF222199B5C700A501F7 /* Main.storyboard in Resources */ = {isa = PBXBuildFile; fileRef = 93FBEF202199B5C700A501F7 /* Main.storyboard */; };
		93FBEF242199B5C800A501F7 /* Assets.xcassets in Resources */ = {isa = PBXBuildFile; fileRef = 93FBEF232199B5C800A501F7 /* Assets.xcassets */; };
		93FBEF272199B5C800A501F7 /* LaunchScreen.storyboard in Resources */ = {isa = PBXBuildFile; fileRef = 93FBEF252199B5C800A501F7 /* LaunchScreen.storyboard */; };
		93FBEF322199B5C800A501F7 /* Flights_ClimbedTests.swift in Sources */ = {isa = PBXBuildFile; fileRef = 93FBEF312199B5C800A501F7 /* Flights_ClimbedTests.swift */; };
		93FBEF3D2199B5C800A501F7 /* Flights_ClimbedUITests.swift in Sources */ = {isa = PBXBuildFile; fileRef = 93FBEF3C2199B5C800A501F7 /* Flights_ClimbedUITests.swift */; };
		93FBEF4D2199B5CE00A501F7 /* HealthKit.framework in Frameworks */ = {isa = PBXBuildFile; fileRef = 93FBEF4C2199B5CE00A501F7 /* HealthKit.framework */; };
/* End PBXBuildFile section */

/* Begin PBXContainerItemProxy section */
		93FBEF2E2199B5C800A501F7 /* PBXContainerItemProxy */ = {
			isa = PBXContainerItemProxy;
			containerPortal = 93FBEF112199B5C700A501F7 /* Project object */;
			proxyType = 1;
			remoteGlobalIDString = 93FBEF182199B5C700A501F7;
			remoteInfo = "Flights Climbed";
		};
		93FBEF392199B5C800A501F7 /* PBXContainerItemProxy */ = {
			isa = PBXContainerItemProxy;
			containerPortal = 93FBEF112199B5C700A501F7 /* Project object */;
			proxyType = 1;
			remoteGlobalIDString = 93FBEF182199B5C700A501F7;
			remoteInfo = "Flights Climbed";
		};
/* End PBXContainerItemProxy section */

/* Begin PBXFileReference section */
		93FBEF192199B5C700A501F7 /* Flights Climbed.app */ = {isa = PBXFileReference; explicitFileType = wrapper.application; includeInIndex = 0; path = "Flights Climbed.app"; sourceTree = BUILT_PRODUCTS_DIR; };
		93FBEF1C2199B5C700A501F7 /* AppDelegate.swift */ = {isa = PBXFileReference; lastKnownFileType = sourcecode.swift; path = AppDelegate.swift; sourceTree = "<group>"; };
		93FBEF1E2199B5C700A501F7 /* ViewController.swift */ = {isa = PBXFileReference; lastKnownFileType = sourcecode.swift; path = ViewController.swift; sourceTree = "<group>"; };
		93FBEF212199B5C700A501F7 /* Base */ = {isa = PBXFileReference; lastKnownFileType = file.storyboard; name = Base; path = Base.lproj/Main.storyboard; sourceTree = "<group>"; };
		93FBEF232199B5C800A501F7 /* Assets.xcassets */ = {isa = PBXFileReference; lastKnownFileType = folder.assetcatalog; path = Assets.xcassets; sourceTree = "<group>"; };
		93FBEF262199B5C800A501F7 /* Base */ = {isa = PBXFileReference; lastKnownFileType = file.storyboard; name = Base; path = Base.lproj/LaunchScreen.storyboard; sourceTree = "<group>"; };
		93FBEF282199B5C800A501F7 /* Info.plist */ = {isa = PBXFileReference; lastKnownFileType = text.plist.xml; path = Info.plist; sourceTree = "<group>"; };
		93FBEF2D2199B5C800A501F7 /* Flights ClimbedTests.xctest */ = {isa = PBXFileReference; explicitFileType = wrapper.cfbundle; includeInIndex = 0; path = "Flights ClimbedTests.xctest"; sourceTree = BUILT_PRODUCTS_DIR; };
		93FBEF312199B5C800A501F7 /* Flights_ClimbedTests.swift */ = {isa = PBXFileReference; lastKnownFileType = sourcecode.swift; path = Flights_ClimbedTests.swift; sourceTree = "<group>"; };
		93FBEF332199B5C800A501F7 /* Info.plist */ = {isa = PBXFileReference; lastKnownFileType = text.plist.xml; path = Info.plist; sourceTree = "<group>"; };
		93FBEF382199B5C800A501F7 /* Flights ClimbedUITests.xctest */ = {isa = PBXFileReference; explicitFileType = wrapper.cfbundle; includeInIndex = 0; path = "Flights ClimbedUITests.xctest"; sourceTree = BUILT_PRODUCTS_DIR; };
		93FBEF3C2199B5C800A501F7 /* Flights_ClimbedUITests.swift */ = {isa = PBXFileReference; lastKnownFileType = sourcecode.swift; path = Flights_ClimbedUITests.swift; sourceTree = "<group>"; };
		93FBEF3E2199B5C800A501F7 /* Info.plist */ = {isa = PBXFileReference; lastKnownFileType = text.plist.xml; path = Info.plist; sourceTree = "<group>"; };
		93FBEF4A2199B5CE00A501F7 /* Flights Climbed.entitlements */ = {isa = PBXFileReference; lastKnownFileType = text.plist.entitlements; path = "Flights Climbed.entitlements"; sourceTree = "<group>"; };
		93FBEF4C2199B5CE00A501F7 /* HealthKit.framework */ = {isa = PBXFileReference; lastKnownFileType = wrapper.framework; name = HealthKit.framework; path = System/Library/Frameworks/HealthKit.framework; sourceTree = SDKROOT; };
/* End PBXFileReference section */

/* Begin PBXFrameworksBuildPhase section */
		93FBEF162199B5C700A501F7 /* Frameworks */ = {
			isa = PBXFrameworksBuildPhase;
			buildActionMask = 2147483647;
			files = (
				93FBEF4D2199B5CE00A501F7 /* HealthKit.framework in Frameworks */,
			);
			runOnlyForDeploymentPostprocessing = 0;
		};
		93FBEF2A2199B5C800A501F7 /* Frameworks */ = {
			isa = PBXFrameworksBuildPhase;
			buildActionMask = 2147483647;
			files = (
			);
			runOnlyForDeploymentPostprocessing = 0;
		};
		93FBEF352199B5C800A501F7 /* Frameworks */ = {
			isa = PBXFrameworksBuildPhase;
			buildActionMask = 2147483647;
			files = (
			);
			runOnlyForDeploymentPostprocessing = 0;
		};
/* End PBXFrameworksBuildPhase section */

/* Begin PBXGroup section */
		93FBEF102199B5C700A501F7 = {
			isa = PBXGroup;
			children = (
				93FBEF1B2199B5C700A501F7 /* Flights Climbed */,
				93FBEF302199B5C800A501F7 /* Flights ClimbedTests */,
				93FBEF3B2199B5C800A501F7 /* Flights ClimbedUITests */,
				93FBEF1A2199B5C700A501F7 /* Products */,
				93FBEF4B2199B5CE00A501F7 /* Frameworks */,
			);
			sourceTree = "<group>";
		};
		93FBEF1A2199B5C700A501F7 /* Products */ = {
			isa = PBXGroup;
			children = (
				93FBEF192199B5C700A501F7 /* Flights Climbed.app */,
				93FBEF2D2199B5C800A501F7 /* Flights ClimbedTests.xctest */,
				93FBEF382199B5C800A501F7 /* Flights ClimbedUITests.xctest */,
			);
			name = Products;
			sourceTree = "<group>";
		};
		93FBEF1B2199B5C700A501F7 /* Flights Climbed */ = {
			isa = PBXGroup;
			children = (
				93FBEF4A2199B5CE00A501F7 /* Flights Climbed.entitlements */,
				93FBEF1C2199B5C700A501F7 /* AppDelegate.swift */,
				93FBEF1E2199B5C700A501F7 /* ViewController.swift */,
				93FBEF202199B5C700A501F7 /* Main.storyboard */,
				93FBEF232199B5C800A501F7 /* Assets.xcassets */,
				93FBEF252199B5C800A501F7 /* LaunchScreen.storyboard */,
				93FBEF282199B5C800A501F7 /* Info.plist */,
			);
			path = "Flights Climbed";
			sourceTree = "<group>";
		};
		93FBEF302199B5C800A501F7 /* Flights ClimbedTests */ = {
			isa = PBXGroup;
			children = (
				93FBEF312199B5C800A501F7 /* Flights_ClimbedTests.swift */,
				93FBEF332199B5C800A501F7 /* Info.plist */,
			);
			path = "Flights ClimbedTests";
			sourceTree = "<group>";
		};
		93FBEF3B2199B5C800A501F7 /* Flights ClimbedUITests */ = {
			isa = PBXGroup;
			children = (
				93FBEF3C2199B5C800A501F7 /* Flights_ClimbedUITests.swift */,
				93FBEF3E2199B5C800A501F7 /* Info.plist */,
			);
			path = "Flights ClimbedUITests";
			sourceTree = "<group>";
		};
		93FBEF4B2199B5CE00A501F7 /* Frameworks */ = {
			isa = PBXGroup;
			children = (
				93FBEF4C2199B5CE00A501F7 /* HealthKit.framework */,
			);
			name = Frameworks;
			sourceTree = "<group>";
		};
/* End PBXGroup section */

/* Begin PBXNativeTarget section */
		93FBEF182199B5C700A501F7 /* Flights Climbed */ = {
			isa = PBXNativeTarget;
			buildConfigurationList = 93FBEF412199B5C800A501F7 /* Build configuration list for PBXNativeTarget "Flights Climbed" */;
			buildPhases = (
				93FBEF152199B5C700A501F7 /* Sources */,
				93FBEF162199B5C700A501F7 /* Frameworks */,
				93FBEF172199B5C700A501F7 /* Resources */,
			);
			buildRules = (
			);
			dependencies = (
			);
			name = "Flights Climbed";
			productName = "Flights Climbed";
			productReference = 93FBEF192199B5C700A501F7 /* Flights Climbed.app */;
			productType = "com.apple.product-type.application";
		};
		93FBEF2C2199B5C800A501F7 /* Flights ClimbedTests */ = {
			isa = PBXNativeTarget;
			buildConfigurationList = 93FBEF442199B5C800A501F7 /* Build configuration list for PBXNativeTarget "Flights ClimbedTests" */;
			buildPhases = (
				93FBEF292199B5C800A501F7 /* Sources */,
				93FBEF2A2199B5C800A501F7 /* Frameworks */,
				93FBEF2B2199B5C800A501F7 /* Resources */,
			);
			buildRules = (
			);
			dependencies = (
				93FBEF2F2199B5C800A501F7 /* PBXTargetDependency */,
			);
			name = "Flights ClimbedTests";
			productName = "Flights ClimbedTests";
			productReference = 93FBEF2D2199B5C800A501F7 /* Flights ClimbedTests.xctest */;
			productType = "com.apple.product-type.bundle.unit-test";
		};
		93FBEF372199B5C800A501F7 /* Flights ClimbedUITests */ = {
			isa = PBXNativeTarget;
			buildConfigurationList = 93FBEF472199B5C800A501F7 /* Build configuration list for PBXNativeTarget "Flights ClimbedUITests" */;
			buildPhases = (
				93FBEF342199B5C800A501F7 /* Sources */,
				93FBEF352199B5C800A501F7 /* Frameworks */,
				93FBEF362199B5C800A501F7 /* Resources */,
			);
			buildRules = (
			);
			dependencies = (
				93FBEF3A2199B5C800A501F7 /* PBXTargetDependency */,
			);
			name = "Flights ClimbedUITests";
			productName = "Flights ClimbedUITests";
			productReference = 93FBEF382199B5C800A501F7 /* Flights ClimbedUITests.xctest */;
			productType = "com.apple.product-type.bundle.ui-testing";
		};
/* End PBXNativeTarget section */

/* Begin PBXProject section */
		93FBEF112199B5C700A501F7 /* Project object */ = {
			isa = PBXProject;
			attributes = {
				LastSwiftUpdateCheck = 1010;
				LastUpgradeCheck = 1010;
				ORGANIZATIONNAME = "이다진";
				TargetAttributes = {
					93FBEF182199B5C700A501F7 = {
						CreatedOnToolsVersion = 10.1;
						SystemCapabilities = {
							com.apple.HealthKit = {
								enabled = 1;
							};
						};
					};
					93FBEF2C2199B5C800A501F7 = {
						CreatedOnToolsVersion = 10.1;
						TestTargetID = 93FBEF182199B5C700A501F7;
					};
					93FBEF372199B5C800A501F7 = {
						CreatedOnToolsVersion = 10.1;
						TestTargetID = 93FBEF182199B5C700A501F7;
					};
				};
			};
			buildConfigurationList = 93FBEF142199B5C700A501F7 /* Build configuration list for PBXProject "Flights Climbed" */;
			compatibilityVersion = "Xcode 9.3";
			developmentRegion = en;
			hasScannedForEncodings = 0;
			knownRegions = (
				en,
				Base,
			);
			mainGroup = 93FBEF102199B5C700A501F7;
			productRefGroup = 93FBEF1A2199B5C700A501F7 /* Products */;
			projectDirPath = "";
			projectRoot = "";
			targets = (
				93FBEF182199B5C700A501F7 /* Flights Climbed */,
				93FBEF2C2199B5C800A501F7 /* Flights ClimbedTests */,
				93FBEF372199B5C800A501F7 /* Flights ClimbedUITests */,
			);
		};
/* End PBXProject section */

/* Begin PBXResourcesBuildPhase section */
		93FBEF172199B5C700A501F7 /* Resources */ = {
			isa = PBXResourcesBuildPhase;
			buildActionMask = 2147483647;
			files = (
				93FBEF272199B5C800A501F7 /* LaunchScreen.storyboard in Resources */,
				93FBEF242199B5C800A501F7 /* Assets.xcassets in Resources */,
				93FBEF222199B5C700A501F7 /* Main.storyboard in Resources */,
			);
			runOnlyForDeploymentPostprocessing = 0;
		};
		93FBEF2B2199B5C800A501F7 /* Resources */ = {
			isa = PBXResourcesBuildPhase;
			buildActionMask = 2147483647;
			files = (
			);
			runOnlyForDeploymentPostprocessing = 0;
		};
		93FBEF362199B5C800A501F7 /* Resources */ = {
			isa = PBXResourcesBuildPhase;
			buildActionMask = 2147483647;
			files = (
			);
			runOnlyForDeploymentPostprocessing = 0;
		};
/* End PBXResourcesBuildPhase section */

/* Begin PBXSourcesBuildPhase section */
		93FBEF152199B5C700A501F7 /* Sources */ = {
			isa = PBXSourcesBuildPhase;
			buildActionMask = 2147483647;
			files = (
				93FBEF1F2199B5C700A501F7 /* ViewController.swift in Sources */,
				93FBEF1D2199B5C700A501F7 /* AppDelegate.swift in Sources */,
			);
			runOnlyForDeploymentPostprocessing = 0;
		};
		93FBEF292199B5C800A501F7 /* Sources */ = {
			isa = PBXSourcesBuildPhase;
			buildActionMask = 2147483647;
			files = (
				93FBEF322199B5C800A501F7 /* Flights_ClimbedTests.swift in Sources */,
			);
			runOnlyForDeploymentPostprocessing = 0;
		};
		93FBEF342199B5C800A501F7 /* Sources */ = {
			isa = PBXSourcesBuildPhase;
			buildActionMask = 2147483647;
			files = (
				93FBEF3D2199B5C800A501F7 /* Flights_ClimbedUITests.swift in Sources */,
			);
			runOnlyForDeploymentPostprocessing = 0;
		};
/* End PBXSourcesBuildPhase section */

/* Begin PBXTargetDependency section */
		93FBEF2F2199B5C800A501F7 /* PBXTargetDependency */ = {
			isa = PBXTargetDependency;
			target = 93FBEF182199B5C700A501F7 /* Flights Climbed */;
			targetProxy = 93FBEF2E2199B5C800A501F7 /* PBXContainerItemProxy */;
		};
		93FBEF3A2199B5C800A501F7 /* PBXTargetDependency */ = {
			isa = PBXTargetDependency;
			target = 93FBEF182199B5C700A501F7 /* Flights Climbed */;
			targetProxy = 93FBEF392199B5C800A501F7 /* PBXContainerItemProxy */;
		};
/* End PBXTargetDependency section */

/* Begin PBXVariantGroup section */
		93FBEF202199B5C700A501F7 /* Main.storyboard */ = {
			isa = PBXVariantGroup;
			children = (
				93FBEF212199B5C700A501F7 /* Base */,
			);
			name = Main.storyboard;
			sourceTree = "<group>";
		};
		93FBEF252199B5C800A501F7 /* LaunchScreen.storyboard */ = {
			isa = PBXVariantGroup;
			children = (
				93FBEF262199B5C800A501F7 /* Base */,
			);
			name = LaunchScreen.storyboard;
			sourceTree = "<group>";
		};
/* End PBXVariantGroup section */

/* Begin XCBuildConfiguration section */
		93FBEF3F2199B5C800A501F7 /* Debug */ = {
			isa = XCBuildConfiguration;
			buildSettings = {
				ALWAYS_SEARCH_USER_PATHS = NO;
				CLANG_ANALYZER_NONNULL = YES;
				CLANG_ANALYZER_NUMBER_OBJECT_CONVERSION = YES_AGGRESSIVE;
				CLANG_CXX_LANGUAGE_STANDARD = "gnu++14";
				CLANG_CXX_LIBRARY = "libc++";
				CLANG_ENABLE_MODULES = YES;
				CLANG_ENABLE_OBJC_ARC = YES;
				CLANG_ENABLE_OBJC_WEAK = YES;
				CLANG_WARN_BLOCK_CAPTURE_AUTORELEASING = YES;
				CLANG_WARN_BOOL_CONVERSION = YES;
				CLANG_WARN_COMMA = YES;
				CLANG_WARN_CONSTANT_CONVERSION = YES;
				CLANG_WARN_DEPRECATED_OBJC_IMPLEMENTATIONS = YES;
				CLANG_WARN_DIRECT_OBJC_ISA_USAGE = YES_ERROR;
				CLANG_WARN_DOCUMENTATION_COMMENTS = YES;
				CLANG_WARN_EMPTY_BODY = YES;
				CLANG_WARN_ENUM_CONVERSION = YES;
				CLANG_WARN_INFINITE_RECURSION = YES;
				CLANG_WARN_INT_CONVERSION = YES;
				CLANG_WARN_NON_LITERAL_NULL_CONVERSION = YES;
				CLANG_WARN_OBJC_IMPLICIT_RETAIN_SELF = YES;
				CLANG_WARN_OBJC_LITERAL_CONVERSION = YES;
				CLANG_WARN_OBJC_ROOT_CLASS = YES_ERROR;
				CLANG_WARN_RANGE_LOOP_ANALYSIS = YES;
				CLANG_WARN_STRICT_PROTOTYPES = YES;
				CLANG_WARN_SUSPICIOUS_MOVE = YES;
				CLANG_WARN_UNGUARDED_AVAILABILITY = YES_AGGRESSIVE;
				CLANG_WARN_UNREACHABLE_CODE = YES;
				CLANG_WARN__DUPLICATE_METHOD_MATCH = YES;
				CODE_SIGN_IDENTITY = "iPhone Developer";
				COPY_PHASE_STRIP = NO;
				DEBUG_INFORMATION_FORMAT = dwarf;
				ENABLE_STRICT_OBJC_MSGSEND = YES;
				ENABLE_TESTABILITY = YES;
				GCC_C_LANGUAGE_STANDARD = gnu11;
				GCC_DYNAMIC_NO_PIC = NO;
				GCC_NO_COMMON_BLOCKS = YES;
				GCC_OPTIMIZATION_LEVEL = 0;
				GCC_PREPROCESSOR_DEFINITIONS = (
					"DEBUG=1",
					"$(inherited)",
				);
				GCC_WARN_64_TO_32_BIT_CONVERSION = YES;
				GCC_WARN_ABOUT_RETURN_TYPE = YES_ERROR;
				GCC_WARN_UNDECLARED_SELECTOR = YES;
				GCC_WARN_UNINITIALIZED_AUTOS = YES_AGGRESSIVE;
				GCC_WARN_UNUSED_FUNCTION = YES;
				GCC_WARN_UNUSED_VARIABLE = YES;
				IPHONEOS_DEPLOYMENT_TARGET = 12.1;
				MTL_ENABLE_DEBUG_INFO = INCLUDE_SOURCE;
				MTL_FAST_MATH = YES;
				ONLY_ACTIVE_ARCH = YES;
				SDKROOT = iphoneos;
				SWIFT_ACTIVE_COMPILATION_CONDITIONS = DEBUG;
				SWIFT_OPTIMIZATION_LEVEL = "-Onone";
			};
			name = Debug;
		};
		93FBEF402199B5C800A501F7 /* Release */ = {
			isa = XCBuildConfiguration;
			buildSettings = {
				ALWAYS_SEARCH_USER_PATHS = NO;
				CLANG_ANALYZER_NONNULL = YES;
				CLANG_ANALYZER_NUMBER_OBJECT_CONVERSION = YES_AGGRESSIVE;
				CLANG_CXX_LANGUAGE_STANDARD = "gnu++14";
				CLANG_CXX_LIBRARY = "libc++";
				CLANG_ENABLE_MODULES = YES;
				CLANG_ENABLE_OBJC_ARC = YES;
				CLANG_ENABLE_OBJC_WEAK = YES;
				CLANG_WARN_BLOCK_CAPTURE_AUTORELEASING = YES;
				CLANG_WARN_BOOL_CONVERSION = YES;
				CLANG_WARN_COMMA = YES;
				CLANG_WARN_CONSTANT_CONVERSION = YES;
				CLANG_WARN_DEPRECATED_OBJC_IMPLEMENTATIONS = YES;
				CLANG_WARN_DIRECT_OBJC_ISA_USAGE = YES_ERROR;
				CLANG_WARN_DOCUMENTATION_COMMENTS = YES;
				CLANG_WARN_EMPTY_BODY = YES;
				CLANG_WARN_ENUM_CONVERSION = YES;
				CLANG_WARN_INFINITE_RECURSION = YES;
				CLANG_WARN_INT_CONVERSION = YES;
				CLANG_WARN_NON_LITERAL_NULL_CONVERSION = YES;
				CLANG_WARN_OBJC_IMPLICIT_RETAIN_SELF = YES;
				CLANG_WARN_OBJC_LITERAL_CONVERSION = YES;
				CLANG_WARN_OBJC_ROOT_CLASS = YES_ERROR;
				CLANG_WARN_RANGE_LOOP_ANALYSIS = YES;
				CLANG_WARN_STRICT_PROTOTYPES = YES;
				CLANG_WARN_SUSPICIOUS_MOVE = YES;
				CLANG_WARN_UNGUARDED_AVAILABILITY = YES_AGGRESSIVE;
				CLANG_WARN_UNREACHABLE_CODE = YES;
				CLANG_WARN__DUPLICATE_METHOD_MATCH = YES;
				CODE_SIGN_IDENTITY = "iPhone Developer";
				COPY_PHASE_STRIP = NO;
				DEBUG_INFORMATION_FORMAT = "dwarf-with-dsym";
				ENABLE_NS_ASSERTIONS = NO;
				ENABLE_STRICT_OBJC_MSGSEND = YES;
				GCC_C_LANGUAGE_STANDARD = gnu11;
				GCC_NO_COMMON_BLOCKS = YES;
				GCC_WARN_64_TO_32_BIT_CONVERSION = YES;
				GCC_WARN_ABOUT_RETURN_TYPE = YES_ERROR;
				GCC_WARN_UNDECLARED_SELECTOR = YES;
				GCC_WARN_UNINITIALIZED_AUTOS = YES_AGGRESSIVE;
				GCC_WARN_UNUSED_FUNCTION = YES;
				GCC_WARN_UNUSED_VARIABLE = YES;
				IPHONEOS_DEPLOYMENT_TARGET = 12.1;
				MTL_ENABLE_DEBUG_INFO = NO;
				MTL_FAST_MATH = YES;
				SDKROOT = iphoneos;
				SWIFT_COMPILATION_MODE = wholemodule;
				SWIFT_OPTIMIZATION_LEVEL = "-O";
				VALIDATE_PRODUCT = YES;
			};
			name = Release;
		};
		93FBEF422199B5C800A501F7 /* Debug */ = {
			isa = XCBuildConfiguration;
			buildSettings = {
				ASSETCATALOG_COMPILER_APPICON_NAME = AppIcon;
				CODE_SIGN_ENTITLEMENTS = "Flights Climbed/Flights Climbed.entitlements";
				CODE_SIGN_STYLE = Automatic;
				DEVELOPMENT_TEAM = L652RY8UD3;
				INFOPLIST_FILE = "Flights Climbed/Info.plist";
				LD_RUNPATH_SEARCH_PATHS = (
					"$(inherited)",
					"@executable_path/Frameworks",
				);
				PRODUCT_BUNDLE_IDENTIFIER = "rubi.Flights-Climbed";
				PRODUCT_NAME = "$(TARGET_NAME)";
				SWIFT_VERSION = 4.2;
				TARGETED_DEVICE_FAMILY = "1,2";
			};
			name = Debug;
		};
		93FBEF432199B5C800A501F7 /* Release */ = {
			isa = XCBuildConfiguration;
			buildSettings = {
				ASSETCATALOG_COMPILER_APPICON_NAME = AppIcon;
				CODE_SIGN_ENTITLEMENTS = "Flights Climbed/Flights Climbed.entitlements";
				CODE_SIGN_STYLE = Automatic;
				DEVELOPMENT_TEAM = L652RY8UD3;
				INFOPLIST_FILE = "Flights Climbed/Info.plist";
				LD_RUNPATH_SEARCH_PATHS = (
					"$(inherited)",
					"@executable_path/Frameworks",
				);
				PRODUCT_BUNDLE_IDENTIFIER = "rubi.Flights-Climbed";
				PRODUCT_NAME = "$(TARGET_NAME)";
				SWIFT_VERSION = 4.2;
				TARGETED_DEVICE_FAMILY = "1,2";
			};
			name = Release;
		};
		93FBEF452199B5C800A501F7 /* Debug */ = {
			isa = XCBuildConfiguration;
			buildSettings = {
				ALWAYS_EMBED_SWIFT_STANDARD_LIBRARIES = YES;
				BUNDLE_LOADER = "$(TEST_HOST)";
				CODE_SIGN_STYLE = Automatic;
				DEVELOPMENT_TEAM = L652RY8UD3;
				INFOPLIST_FILE = "Flights ClimbedTests/Info.plist";
				LD_RUNPATH_SEARCH_PATHS = (
					"$(inherited)",
					"@executable_path/Frameworks",
					"@loader_path/Frameworks",
				);
				PRODUCT_BUNDLE_IDENTIFIER = "rubi.Flights-ClimbedTests";
				PRODUCT_NAME = "$(TARGET_NAME)";
				SWIFT_VERSION = 4.2;
				TARGETED_DEVICE_FAMILY = "1,2";
				TEST_HOST = "$(BUILT_PRODUCTS_DIR)/Flights Climbed.app/Flights Climbed";
			};
			name = Debug;
		};
		93FBEF462199B5C800A501F7 /* Release */ = {
			isa = XCBuildConfiguration;
			buildSettings = {
				ALWAYS_EMBED_SWIFT_STANDARD_LIBRARIES = YES;
				BUNDLE_LOADER = "$(TEST_HOST)";
				CODE_SIGN_STYLE = Automatic;
				DEVELOPMENT_TEAM = L652RY8UD3;
				INFOPLIST_FILE = "Flights ClimbedTests/Info.plist";
				LD_RUNPATH_SEARCH_PATHS = (
					"$(inherited)",
					"@executable_path/Frameworks",
					"@loader_path/Frameworks",
				);
				PRODUCT_BUNDLE_IDENTIFIER = "rubi.Flights-ClimbedTests";
				PRODUCT_NAME = "$(TARGET_NAME)";
				SWIFT_VERSION = 4.2;
				TARGETED_DEVICE_FAMILY = "1,2";
				TEST_HOST = "$(BUILT_PRODUCTS_DIR)/Flights Climbed.app/Flights Climbed";
			};
			name = Release;
		};
		93FBEF482199B5C800A501F7 /* Debug */ = {
			isa = XCBuildConfiguration;
			buildSettings = {
				ALWAYS_EMBED_SWIFT_STANDARD_LIBRARIES = YES;
				CODE_SIGN_STYLE = Automatic;
				DEVELOPMENT_TEAM = L652RY8UD3;
				INFOPLIST_FILE = "Flights ClimbedUITests/Info.plist";
				LD_RUNPATH_SEARCH_PATHS = (
					"$(inherited)",
					"@executable_path/Frameworks",
					"@loader_path/Frameworks",
				);
				PRODUCT_BUNDLE_IDENTIFIER = "rubi.Flights-ClimbedUITests";
				PRODUCT_NAME = "$(TARGET_NAME)";
				SWIFT_VERSION = 4.2;
				TARGETED_DEVICE_FAMILY = "1,2";
				TEST_TARGET_NAME = "Flights Climbed";
			};
			name = Debug;
		};
		93FBEF492199B5C800A501F7 /* Release */ = {
			isa = XCBuildConfiguration;
			buildSettings = {
				ALWAYS_EMBED_SWIFT_STANDARD_LIBRARIES = YES;
				CODE_SIGN_STYLE = Automatic;
				DEVELOPMENT_TEAM = L652RY8UD3;
				INFOPLIST_FILE = "Flights ClimbedUITests/Info.plist";
				LD_RUNPATH_SEARCH_PATHS = (
					"$(inherited)",
					"@executable_path/Frameworks",
					"@loader_path/Frameworks",
				);
				PRODUCT_BUNDLE_IDENTIFIER = "rubi.Flights-ClimbedUITests";
				PRODUCT_NAME = "$(TARGET_NAME)";
				SWIFT_VERSION = 4.2;
				TARGETED_DEVICE_FAMILY = "1,2";
				TEST_TARGET_NAME = "Flights Climbed";
			};
			name = Release;
		};
/* End XCBuildConfiguration section */

/* Begin XCConfigurationList section */
		93FBEF142199B5C700A501F7 /* Build configuration list for PBXProject "Flights Climbed" */ = {
			isa = XCConfigurationList;
			buildConfigurations = (
				93FBEF3F2199B5C800A501F7 /* Debug */,
				93FBEF402199B5C800A501F7 /* Release */,
			);
			defaultConfigurationIsVisible = 0;
			defaultConfigurationName = Release;
		};
		93FBEF412199B5C800A501F7 /* Build configuration list for PBXNativeTarget "Flights Climbed" */ = {
			isa = XCConfigurationList;
			buildConfigurations = (
				93FBEF422199B5C800A501F7 /* Debug */,
				93FBEF432199B5C800A501F7 /* Release */,
			);
			defaultConfigurationIsVisible = 0;
			defaultConfigurationName = Release;
		};
		93FBEF442199B5C800A501F7 /* Build configuration list for PBXNativeTarget "Flights ClimbedTests" */ = {
			isa = XCConfigurationList;
			buildConfigurations = (
				93FBEF452199B5C800A501F7 /* Debug */,
				93FBEF462199B5C800A501F7 /* Release */,
			);
			defaultConfigurationIsVisible = 0;
			defaultConfigurationName = Release;
		};
		93FBEF472199B5C800A501F7 /* Build configuration list for PBXNativeTarget "Flights ClimbedUITests" */ = {
			isa = XCConfigurationList;
			buildConfigurations = (
				93FBEF482199B5C800A501F7 /* Debug */,
				93FBEF492199B5C800A501F7 /* Release */,
			);
			defaultConfigurationIsVisible = 0;
			defaultConfigurationName = Release;
		};
/* End XCConfigurationList section */
	};
	rootObject = 93FBEF112199B5C700A501F7 /* Project object */;
}
